// !$*UTF8*$!
{
	archiveVersion = 1;
	classes = {
	};
	objectVersion = 56;
	objects = {

/* Begin PBXBuildFile section */
		D45947E2172D930A5C34D9BC /* Pods_CalorieTrackr.framework in Frameworks */ = {isa = PBXBuildFile; fileRef = 5B36584155B619E98D4BAD6B /* Pods_CalorieTrackr.framework */; };
		F02C19CD2A16C218003F6123 /* FoodService.swift in Sources */ = {isa = PBXBuildFile; fileRef = F02C19CC2A16C218003F6123 /* FoodService.swift */; };
		F02C19CF2A16C33E003F6123 /* FoodItem.swift in Sources */ = {isa = PBXBuildFile; fileRef = F02C19CE2A16C33E003F6123 /* FoodItem.swift */; };
		F056C61F2A0D655B0038714F /* HomeScreen.storyboard in Resources */ = {isa = PBXBuildFile; fileRef = F056C61E2A0D655B0038714F /* HomeScreen.storyboard */; };
		F085EC7E29F43BE40077A979 /* HomeViewController.swift in Sources */ = {isa = PBXBuildFile; fileRef = F085EC7D29F43BE40077A979 /* HomeViewController.swift */; };
		F0996A1B29F57D070001732C /* SurveyViewController.swift in Sources */ = {isa = PBXBuildFile; fileRef = F0996A1A29F57D070001732C /* SurveyViewController.swift */; };
		F09B37FC2A0E909B00115896 /* SettingsViewController.swift in Sources */ = {isa = PBXBuildFile; fileRef = F09B37FB2A0E909B00115896 /* SettingsViewController.swift */; };
		F0BB55E62A168FF70015527E /* MealsViewController.swift in Sources */ = {isa = PBXBuildFile; fileRef = F0BB55E52A168FF70015527E /* MealsViewController.swift */; };
		F0D04DAE2A0D6BDC00A5862F /* TabBarHomeController.swift in Sources */ = {isa = PBXBuildFile; fileRef = F0D04DAD2A0D6BDC00A5862F /* TabBarHomeController.swift */; };
		F0D407E029F406A700DC4D82 /* AppDelegate.swift in Sources */ = {isa = PBXBuildFile; fileRef = F0D407DF29F406A700DC4D82 /* AppDelegate.swift */; };
		F0D407E229F406A700DC4D82 /* SceneDelegate.swift in Sources */ = {isa = PBXBuildFile; fileRef = F0D407E129F406A700DC4D82 /* SceneDelegate.swift */; };
		F0D407E429F406A700DC4D82 /* WelcomeViewController.swift in Sources */ = {isa = PBXBuildFile; fileRef = F0D407E329F406A700DC4D82 /* WelcomeViewController.swift */; };
		F0D407E729F406A700DC4D82 /* Main.storyboard in Resources */ = {isa = PBXBuildFile; fileRef = F0D407E529F406A700DC4D82 /* Main.storyboard */; };
		F0D407E929F406A900DC4D82 /* Assets.xcassets in Resources */ = {isa = PBXBuildFile; fileRef = F0D407E829F406A900DC4D82 /* Assets.xcassets */; };
		F0D407EC29F406A900DC4D82 /* LaunchScreen.storyboard in Resources */ = {isa = PBXBuildFile; fileRef = F0D407EA29F406A900DC4D82 /* LaunchScreen.storyboard */; };
		F0D407F729F4110400DC4D82 /* Constants.swift in Sources */ = {isa = PBXBuildFile; fileRef = F0D407F629F4110400DC4D82 /* Constants.swift */; };
		F0D407F929F4196700DC4D82 /* LoginViewController.swift in Sources */ = {isa = PBXBuildFile; fileRef = F0D407F829F4196700DC4D82 /* LoginViewController.swift */; };
		F0D407FB29F4197900DC4D82 /* RegisterViewController.swift in Sources */ = {isa = PBXBuildFile; fileRef = F0D407FA29F4197900DC4D82 /* RegisterViewController.swift */; };
		F0D407FD29F4302F00DC4D82 /* GoogleService-Info.plist in Resources */ = {isa = PBXBuildFile; fileRef = F0D407FC29F4302F00DC4D82 /* GoogleService-Info.plist */; };
		F0E7261B29F97EDC00C7404A /* Questions.swift in Sources */ = {isa = PBXBuildFile; fileRef = F0E7261A29F97EDC00C7404A /* Questions.swift */; };
		F0E7261D29F9800200C7404A /* QuestionsBrain.swift in Sources */ = {isa = PBXBuildFile; fileRef = F0E7261C29F9800200C7404A /* QuestionsBrain.swift */; };
		F0FDE3362A12908500174273 /* BmiBrain.swift in Sources */ = {isa = PBXBuildFile; fileRef = F0FDE3352A12908500174273 /* BmiBrain.swift */; };
/* End PBXBuildFile section */

/* Begin PBXFileReference section */
		29426FB05E56E52942784AC7 /* Pods-CalorieTrackr.debug.xcconfig */ = {isa = PBXFileReference; includeInIndex = 1; lastKnownFileType = text.xcconfig; name = "Pods-CalorieTrackr.debug.xcconfig"; path = "Target Support Files/Pods-CalorieTrackr/Pods-CalorieTrackr.debug.xcconfig"; sourceTree = "<group>"; };
		3AC08F3B86D4A1A522EBCF87 /* Pods-CalorieTrackr.release.xcconfig */ = {isa = PBXFileReference; includeInIndex = 1; lastKnownFileType = text.xcconfig; name = "Pods-CalorieTrackr.release.xcconfig"; path = "Target Support Files/Pods-CalorieTrackr/Pods-CalorieTrackr.release.xcconfig"; sourceTree = "<group>"; };
		5B36584155B619E98D4BAD6B /* Pods_CalorieTrackr.framework */ = {isa = PBXFileReference; explicitFileType = wrapper.framework; includeInIndex = 0; path = Pods_CalorieTrackr.framework; sourceTree = BUILT_PRODUCTS_DIR; };
		F02C19CC2A16C218003F6123 /* FoodService.swift */ = {isa = PBXFileReference; lastKnownFileType = sourcecode.swift; path = FoodService.swift; sourceTree = "<group>"; };
		F02C19CE2A16C33E003F6123 /* FoodItem.swift */ = {isa = PBXFileReference; lastKnownFileType = sourcecode.swift; path = FoodItem.swift; sourceTree = "<group>"; };
		F056C61E2A0D655B0038714F /* HomeScreen.storyboard */ = {isa = PBXFileReference; lastKnownFileType = file.storyboard; path = HomeScreen.storyboard; sourceTree = "<group>"; };
		F085EC7D29F43BE40077A979 /* HomeViewController.swift */ = {isa = PBXFileReference; lastKnownFileType = sourcecode.swift; path = HomeViewController.swift; sourceTree = "<group>"; };
		F0996A1A29F57D070001732C /* SurveyViewController.swift */ = {isa = PBXFileReference; lastKnownFileType = sourcecode.swift; path = SurveyViewController.swift; sourceTree = "<group>"; };
		F09B37FB2A0E909B00115896 /* SettingsViewController.swift */ = {isa = PBXFileReference; lastKnownFileType = sourcecode.swift; path = SettingsViewController.swift; sourceTree = "<group>"; };
		F0BB55E52A168FF70015527E /* MealsViewController.swift */ = {isa = PBXFileReference; lastKnownFileType = sourcecode.swift; path = MealsViewController.swift; sourceTree = "<group>"; };
		F0D04DAD2A0D6BDC00A5862F /* TabBarHomeController.swift */ = {isa = PBXFileReference; lastKnownFileType = sourcecode.swift; path = TabBarHomeController.swift; sourceTree = "<group>"; };
		F0D04DAF2A0D9E0600A5862F /* CalorieTrackr.entitlements */ = {isa = PBXFileReference; lastKnownFileType = text.plist.entitlements; path = CalorieTrackr.entitlements; sourceTree = "<group>"; };
		F0D407DC29F406A700DC4D82 /* CalorieTrackr.app */ = {isa = PBXFileReference; explicitFileType = wrapper.application; includeInIndex = 0; path = CalorieTrackr.app; sourceTree = BUILT_PRODUCTS_DIR; };
		F0D407DF29F406A700DC4D82 /* AppDelegate.swift */ = {isa = PBXFileReference; lastKnownFileType = sourcecode.swift; path = AppDelegate.swift; sourceTree = "<group>"; };
		F0D407E129F406A700DC4D82 /* SceneDelegate.swift */ = {isa = PBXFileReference; lastKnownFileType = sourcecode.swift; path = SceneDelegate.swift; sourceTree = "<group>"; };
		F0D407E329F406A700DC4D82 /* WelcomeViewController.swift */ = {isa = PBXFileReference; lastKnownFileType = sourcecode.swift; path = WelcomeViewController.swift; sourceTree = "<group>"; };
		F0D407E629F406A700DC4D82 /* Base */ = {isa = PBXFileReference; lastKnownFileType = file.storyboard; name = Base; path = Base.lproj/Main.storyboard; sourceTree = "<group>"; };
		F0D407E829F406A900DC4D82 /* Assets.xcassets */ = {isa = PBXFileReference; lastKnownFileType = folder.assetcatalog; path = Assets.xcassets; sourceTree = "<group>"; };
		F0D407EB29F406A900DC4D82 /* Base */ = {isa = PBXFileReference; lastKnownFileType = file.storyboard; name = Base; path = Base.lproj/LaunchScreen.storyboard; sourceTree = "<group>"; };
		F0D407ED29F406A900DC4D82 /* Info.plist */ = {isa = PBXFileReference; lastKnownFileType = text.plist.xml; path = Info.plist; sourceTree = "<group>"; };
		F0D407F629F4110400DC4D82 /* Constants.swift */ = {isa = PBXFileReference; lastKnownFileType = sourcecode.swift; path = Constants.swift; sourceTree = "<group>"; };
		F0D407F829F4196700DC4D82 /* LoginViewController.swift */ = {isa = PBXFileReference; lastKnownFileType = sourcecode.swift; path = LoginViewController.swift; sourceTree = "<group>"; };
		F0D407FA29F4197900DC4D82 /* RegisterViewController.swift */ = {isa = PBXFileReference; lastKnownFileType = sourcecode.swift; path = RegisterViewController.swift; sourceTree = "<group>"; };
		F0D407FC29F4302F00DC4D82 /* GoogleService-Info.plist */ = {isa = PBXFileReference; fileEncoding = 4; lastKnownFileType = text.plist.xml; path = "GoogleService-Info.plist"; sourceTree = "<group>"; };
		F0E7261A29F97EDC00C7404A /* Questions.swift */ = {isa = PBXFileReference; lastKnownFileType = sourcecode.swift; path = Questions.swift; sourceTree = "<group>"; };
		F0E7261C29F9800200C7404A /* QuestionsBrain.swift */ = {isa = PBXFileReference; lastKnownFileType = sourcecode.swift; path = QuestionsBrain.swift; sourceTree = "<group>"; };
		F0FDE3352A12908500174273 /* BmiBrain.swift */ = {isa = PBXFileReference; lastKnownFileType = sourcecode.swift; path = BmiBrain.swift; sourceTree = "<group>"; };
/* End PBXFileReference section */

/* Begin PBXFrameworksBuildPhase section */
		F0D407D929F406A700DC4D82 /* Frameworks */ = {
			isa = PBXFrameworksBuildPhase;
			buildActionMask = 2147483647;
			files = (
				D45947E2172D930A5C34D9BC /* Pods_CalorieTrackr.framework in Frameworks */,
			);
			runOnlyForDeploymentPostprocessing = 0;
		};
/* End PBXFrameworksBuildPhase section */

/* Begin PBXGroup section */
		3A4D22351780626F796BFE64 /* Frameworks */ = {
			isa = PBXGroup;
			children = (
				5B36584155B619E98D4BAD6B /* Pods_CalorieTrackr.framework */,
			);
			name = Frameworks;
			sourceTree = "<group>";
		};
		5B05021F5EF1A9893BBF6797 /* Pods */ = {
			isa = PBXGroup;
			children = (
				29426FB05E56E52942784AC7 /* Pods-CalorieTrackr.debug.xcconfig */,
				3AC08F3B86D4A1A522EBCF87 /* Pods-CalorieTrackr.release.xcconfig */,
			);
			path = Pods;
			sourceTree = "<group>";
		};
		F0D407D329F406A700DC4D82 = {
			isa = PBXGroup;
			children = (
				F0D407DE29F406A700DC4D82 /* CalorieTrackr */,
				F0D407DD29F406A700DC4D82 /* Products */,
				5B05021F5EF1A9893BBF6797 /* Pods */,
				3A4D22351780626F796BFE64 /* Frameworks */,
			);
			sourceTree = "<group>";
		};
		F0D407DD29F406A700DC4D82 /* Products */ = {
			isa = PBXGroup;
			children = (
				F0D407DC29F406A700DC4D82 /* CalorieTrackr.app */,
			);
			name = Products;
			sourceTree = "<group>";
		};
		F0D407DE29F406A700DC4D82 /* CalorieTrackr */ = {
			isa = PBXGroup;
			children = (
				F0D04DAF2A0D9E0600A5862F /* CalorieTrackr.entitlements */,
				F0D407DF29F406A700DC4D82 /* AppDelegate.swift */,
				F0D407E129F406A700DC4D82 /* SceneDelegate.swift */,
				F0D407F529F40BF700DC4D82 /* Models */,
				F0D407F329F40BCE00DC4D82 /* Controllers */,
				F0D407F429F40BD900DC4D82 /* Views */,
				F0D407E829F406A900DC4D82 /* Assets.xcassets */,
				F0D407F629F4110400DC4D82 /* Constants.swift */,
				F0D407EA29F406A900DC4D82 /* LaunchScreen.storyboard */,
				F0D407FC29F4302F00DC4D82 /* GoogleService-Info.plist */,
				F0D407ED29F406A900DC4D82 /* Info.plist */,
			);
			path = CalorieTrackr;
			sourceTree = "<group>";
		};
		F0D407F329F40BCE00DC4D82 /* Controllers */ = {
			isa = PBXGroup;
			children = (
				F0D407E329F406A700DC4D82 /* WelcomeViewController.swift */,
				F0D407F829F4196700DC4D82 /* LoginViewController.swift */,
				F0D407FA29F4197900DC4D82 /* RegisterViewController.swift */,
				F0996A1A29F57D070001732C /* SurveyViewController.swift */,
				F0D04DAD2A0D6BDC00A5862F /* TabBarHomeController.swift */,
				F085EC7D29F43BE40077A979 /* HomeViewController.swift */,
				F09B37FB2A0E909B00115896 /* SettingsViewController.swift */,
				F0BB55E52A168FF70015527E /* MealsViewController.swift */,
			);
			path = Controllers;
			sourceTree = "<group>";
		};
		F0D407F429F40BD900DC4D82 /* Views */ = {
			isa = PBXGroup;
			children = (
				F0D407E529F406A700DC4D82 /* Main.storyboard */,
				F056C61E2A0D655B0038714F /* HomeScreen.storyboard */,
			);
			path = Views;
			sourceTree = "<group>";
		};
		F0D407F529F40BF700DC4D82 /* Models */ = {
			isa = PBXGroup;
			children = (
				F0E7261A29F97EDC00C7404A /* Questions.swift */,
				F0E7261C29F9800200C7404A /* QuestionsBrain.swift */,
				F0FDE3352A12908500174273 /* BmiBrain.swift */,
				F02C19CC2A16C218003F6123 /* FoodService.swift */,
				F02C19CE2A16C33E003F6123 /* FoodItem.swift */,
			);
			path = Models;
			sourceTree = "<group>";
		};
/* End PBXGroup section */

/* Begin PBXNativeTarget section */
		F0D407DB29F406A700DC4D82 /* CalorieTrackr */ = {
			isa = PBXNativeTarget;
			buildConfigurationList = F0D407F029F406A900DC4D82 /* Build configuration list for PBXNativeTarget "CalorieTrackr" */;
			buildPhases = (
				C5B1D7F2F317D30B9356A9E6 /* [CP] Check Pods Manifest.lock */,
				F0D407D829F406A700DC4D82 /* Sources */,
				F0D407D929F406A700DC4D82 /* Frameworks */,
				F0D407DA29F406A700DC4D82 /* Resources */,
				D90ED4F3E0A90A86EA8B8DB0 /* [CP] Embed Pods Frameworks */,
			);
			buildRules = (
			);
			dependencies = (
			);
			name = CalorieTrackr;
			productName = CalorieTrackr;
			productReference = F0D407DC29F406A700DC4D82 /* CalorieTrackr.app */;
			productType = "com.apple.product-type.application";
		};
/* End PBXNativeTarget section */

/* Begin PBXProject section */
		F0D407D429F406A700DC4D82 /* Project object */ = {
			isa = PBXProject;
			attributes = {
				BuildIndependentTargetsInParallel = 1;
				LastSwiftUpdateCheck = 1430;
				LastUpgradeCheck = 1430;
				TargetAttributes = {
					F0D407DB29F406A700DC4D82 = {
						CreatedOnToolsVersion = 14.3;
					};
				};
			};
			buildConfigurationList = F0D407D729F406A700DC4D82 /* Build configuration list for PBXProject "CalorieTrackr" */;
			compatibilityVersion = "Xcode 14.0";
			developmentRegion = en;
			hasScannedForEncodings = 0;
			knownRegions = (
				en,
				Base,
			);
			mainGroup = F0D407D329F406A700DC4D82;
			productRefGroup = F0D407DD29F406A700DC4D82 /* Products */;
			projectDirPath = "";
			projectRoot = "";
			targets = (
				F0D407DB29F406A700DC4D82 /* CalorieTrackr */,
			);
		};
/* End PBXProject section */

/* Begin PBXResourcesBuildPhase section */
		F0D407DA29F406A700DC4D82 /* Resources */ = {
			isa = PBXResourcesBuildPhase;
			buildActionMask = 2147483647;
			files = (
				F056C61F2A0D655B0038714F /* HomeScreen.storyboard in Resources */,
				F0D407EC29F406A900DC4D82 /* LaunchScreen.storyboard in Resources */,
				F0D407FD29F4302F00DC4D82 /* GoogleService-Info.plist in Resources */,
				F0D407E929F406A900DC4D82 /* Assets.xcassets in Resources */,
				F0D407E729F406A700DC4D82 /* Main.storyboard in Resources */,
			);
			runOnlyForDeploymentPostprocessing = 0;
		};
/* End PBXResourcesBuildPhase section */

/* Begin PBXShellScriptBuildPhase section */
		C5B1D7F2F317D30B9356A9E6 /* [CP] Check Pods Manifest.lock */ = {
			isa = PBXShellScriptBuildPhase;
			buildActionMask = 2147483647;
			files = (
			);
			inputFileListPaths = (
			);
			inputPaths = (
				"${PODS_PODFILE_DIR_PATH}/Podfile.lock",
				"${PODS_ROOT}/Manifest.lock",
			);
			name = "[CP] Check Pods Manifest.lock";
			outputFileListPaths = (
			);
			outputPaths = (
				"$(DERIVED_FILE_DIR)/Pods-CalorieTrackr-checkManifestLockResult.txt",
			);
			runOnlyForDeploymentPostprocessing = 0;
			shellPath = /bin/sh;
			shellScript = "diff \"${PODS_PODFILE_DIR_PATH}/Podfile.lock\" \"${PODS_ROOT}/Manifest.lock\" > /dev/null\nif [ $? != 0 ] ; then\n    # print error to STDERR\n    echo \"error: The sandbox is not in sync with the Podfile.lock. Run 'pod install' or update your CocoaPods installation.\" >&2\n    exit 1\nfi\n# This output is used by Xcode 'outputs' to avoid re-running this script phase.\necho \"SUCCESS\" > \"${SCRIPT_OUTPUT_FILE_0}\"\n";
			showEnvVarsInLog = 0;
		};
		D90ED4F3E0A90A86EA8B8DB0 /* [CP] Embed Pods Frameworks */ = {
			isa = PBXShellScriptBuildPhase;
			buildActionMask = 2147483647;
			files = (
			);
			inputFileListPaths = (
				"${PODS_ROOT}/Target Support Files/Pods-CalorieTrackr/Pods-CalorieTrackr-frameworks-${CONFIGURATION}-input-files.xcfilelist",
			);
			name = "[CP] Embed Pods Frameworks";
			outputFileListPaths = (
				"${PODS_ROOT}/Target Support Files/Pods-CalorieTrackr/Pods-CalorieTrackr-frameworks-${CONFIGURATION}-output-files.xcfilelist",
			);
			runOnlyForDeploymentPostprocessing = 0;
			shellPath = /bin/sh;
			shellScript = "\"${PODS_ROOT}/Target Support Files/Pods-CalorieTrackr/Pods-CalorieTrackr-frameworks.sh\"\n";
			showEnvVarsInLog = 0;
		};
/* End PBXShellScriptBuildPhase section */

/* Begin PBXSourcesBuildPhase section */
		F0D407D829F406A700DC4D82 /* Sources */ = {
			isa = PBXSourcesBuildPhase;
			buildActionMask = 2147483647;
			files = (
				F02C19CF2A16C33E003F6123 /* FoodItem.swift in Sources */,
				F0D407E429F406A700DC4D82 /* WelcomeViewController.swift in Sources */,
				F0D407E029F406A700DC4D82 /* AppDelegate.swift in Sources */,
				F0996A1B29F57D070001732C /* SurveyViewController.swift in Sources */,
				F0E7261B29F97EDC00C7404A /* Questions.swift in Sources */,
				F0D407E229F406A700DC4D82 /* SceneDelegate.swift in Sources */,
				F02C19CD2A16C218003F6123 /* FoodService.swift in Sources */,
				F0D407FB29F4197900DC4D82 /* RegisterViewController.swift in Sources */,
				F0E7261D29F9800200C7404A /* QuestionsBrain.swift in Sources */,
				F0D04DAE2A0D6BDC00A5862F /* TabBarHomeController.swift in Sources */,
				F0D407F929F4196700DC4D82 /* LoginViewController.swift in Sources */,
				F085EC7E29F43BE40077A979 /* HomeViewController.swift in Sources */,
				F0D407F729F4110400DC4D82 /* Constants.swift in Sources */,
				F0BB55E62A168FF70015527E /* MealsViewController.swift in Sources */,
				F09B37FC2A0E909B00115896 /* SettingsViewController.swift in Sources */,
				F0FDE3362A12908500174273 /* BmiBrain.swift in Sources */,
			);
			runOnlyForDeploymentPostprocessing = 0;
		};
/* End PBXSourcesBuildPhase section */

/* Begin PBXVariantGroup section */
		F0D407E529F406A700DC4D82 /* Main.storyboard */ = {
			isa = PBXVariantGroup;
			children = (
				F0D407E629F406A700DC4D82 /* Base */,
			);
			name = Main.storyboard;
			sourceTree = "<group>";
		};
		F0D407EA29F406A900DC4D82 /* LaunchScreen.storyboard */ = {
			isa = PBXVariantGroup;
			children = (
				F0D407EB29F406A900DC4D82 /* Base */,
			);
			name = LaunchScreen.storyboard;
			sourceTree = "<group>";
		};
/* End PBXVariantGroup section */

/* Begin XCBuildConfiguration section */
		F0D407EE29F406A900DC4D82 /* Debug */ = {
			isa = XCBuildConfiguration;
			buildSettings = {
				ALWAYS_SEARCH_USER_PATHS = NO;
				CLANG_ANALYZER_NONNULL = YES;
				CLANG_ANALYZER_NUMBER_OBJECT_CONVERSION = YES_AGGRESSIVE;
				CLANG_CXX_LANGUAGE_STANDARD = "gnu++20";
				CLANG_ENABLE_MODULES = YES;
				CLANG_ENABLE_OBJC_ARC = YES;
				CLANG_ENABLE_OBJC_WEAK = YES;
				CLANG_WARN_BLOCK_CAPTURE_AUTORELEASING = YES;
				CLANG_WARN_BOOL_CONVERSION = YES;
				CLANG_WARN_COMMA = YES;
				CLANG_WARN_CONSTANT_CONVERSION = YES;
				CLANG_WARN_DEPRECATED_OBJC_IMPLEMENTATIONS = YES;
				CLANG_WARN_DIRECT_OBJC_ISA_USAGE = YES_ERROR;
				CLANG_WARN_DOCUMENTATION_COMMENTS = YES;
				CLANG_WARN_EMPTY_BODY = YES;
				CLANG_WARN_ENUM_CONVERSION = YES;
				CLANG_WARN_INFINITE_RECURSION = YES;
				CLANG_WARN_INT_CONVERSION = YES;
				CLANG_WARN_NON_LITERAL_NULL_CONVERSION = YES;
				CLANG_WARN_OBJC_IMPLICIT_RETAIN_SELF = YES;
				CLANG_WARN_OBJC_LITERAL_CONVERSION = YES;
				CLANG_WARN_OBJC_ROOT_CLASS = YES_ERROR;
				CLANG_WARN_QUOTED_INCLUDE_IN_FRAMEWORK_HEADER = YES;
				CLANG_WARN_RANGE_LOOP_ANALYSIS = YES;
				CLANG_WARN_STRICT_PROTOTYPES = YES;
				CLANG_WARN_SUSPICIOUS_MOVE = YES;
				CLANG_WARN_UNGUARDED_AVAILABILITY = YES_AGGRESSIVE;
				CLANG_WARN_UNREACHABLE_CODE = YES;
				CLANG_WARN__DUPLICATE_METHOD_MATCH = YES;
				COPY_PHASE_STRIP = NO;
				DEBUG_INFORMATION_FORMAT = dwarf;
				ENABLE_STRICT_OBJC_MSGSEND = YES;
				ENABLE_TESTABILITY = YES;
				GCC_C_LANGUAGE_STANDARD = gnu11;
				GCC_DYNAMIC_NO_PIC = NO;
				GCC_NO_COMMON_BLOCKS = YES;
				GCC_OPTIMIZATION_LEVEL = 0;
				GCC_PREPROCESSOR_DEFINITIONS = (
					"DEBUG=1",
					"$(inherited)",
				);
				GCC_WARN_64_TO_32_BIT_CONVERSION = YES;
				GCC_WARN_ABOUT_RETURN_TYPE = YES_ERROR;
				GCC_WARN_UNDECLARED_SELECTOR = YES;
				GCC_WARN_UNINITIALIZED_AUTOS = YES_AGGRESSIVE;
				GCC_WARN_UNUSED_FUNCTION = YES;
				GCC_WARN_UNUSED_VARIABLE = YES;
				IPHONEOS_DEPLOYMENT_TARGET = 16.4;
				MTL_ENABLE_DEBUG_INFO = INCLUDE_SOURCE;
				MTL_FAST_MATH = YES;
				ONLY_ACTIVE_ARCH = YES;
				SDKROOT = iphoneos;
				SWIFT_ACTIVE_COMPILATION_CONDITIONS = DEBUG;
				SWIFT_OPTIMIZATION_LEVEL = "-Onone";
			};
			name = Debug;
		};
		F0D407EF29F406A900DC4D82 /* Release */ = {
			isa = XCBuildConfiguration;
			buildSettings = {
				ALWAYS_SEARCH_USER_PATHS = NO;
				CLANG_ANALYZER_NONNULL = YES;
				CLANG_ANALYZER_NUMBER_OBJECT_CONVERSION = YES_AGGRESSIVE;
				CLANG_CXX_LANGUAGE_STANDARD = "gnu++20";
				CLANG_ENABLE_MODULES = YES;
				CLANG_ENABLE_OBJC_ARC = YES;
				CLANG_ENABLE_OBJC_WEAK = YES;
				CLANG_WARN_BLOCK_CAPTURE_AUTORELEASING = YES;
				CLANG_WARN_BOOL_CONVERSION = YES;
				CLANG_WARN_COMMA = YES;
				CLANG_WARN_CONSTANT_CONVERSION = YES;
				CLANG_WARN_DEPRECATED_OBJC_IMPLEMENTATIONS = YES;
				CLANG_WARN_DIRECT_OBJC_ISA_USAGE = YES_ERROR;
				CLANG_WARN_DOCUMENTATION_COMMENTS = YES;
				CLANG_WARN_EMPTY_BODY = YES;
				CLANG_WARN_ENUM_CONVERSION = YES;
				CLANG_WARN_INFINITE_RECURSION = YES;
				CLANG_WARN_INT_CONVERSION = YES;
				CLANG_WARN_NON_LITERAL_NULL_CONVERSION = YES;
				CLANG_WARN_OBJC_IMPLICIT_RETAIN_SELF = YES;
				CLANG_WARN_OBJC_LITERAL_CONVERSION = YES;
				CLANG_WARN_OBJC_ROOT_CLASS = YES_ERROR;
				CLANG_WARN_QUOTED_INCLUDE_IN_FRAMEWORK_HEADER = YES;
				CLANG_WARN_RANGE_LOOP_ANALYSIS = YES;
				CLANG_WARN_STRICT_PROTOTYPES = YES;
				CLANG_WARN_SUSPICIOUS_MOVE = YES;
				CLANG_WARN_UNGUARDED_AVAILABILITY = YES_AGGRESSIVE;
				CLANG_WARN_UNREACHABLE_CODE = YES;
				CLANG_WARN__DUPLICATE_METHOD_MATCH = YES;
				COPY_PHASE_STRIP = NO;
				DEBUG_INFORMATION_FORMAT = "dwarf-with-dsym";
				ENABLE_NS_ASSERTIONS = NO;
				ENABLE_STRICT_OBJC_MSGSEND = YES;
				GCC_C_LANGUAGE_STANDARD = gnu11;
				GCC_NO_COMMON_BLOCKS = YES;
				GCC_WARN_64_TO_32_BIT_CONVERSION = YES;
				GCC_WARN_ABOUT_RETURN_TYPE = YES_ERROR;
				GCC_WARN_UNDECLARED_SELECTOR = YES;
				GCC_WARN_UNINITIALIZED_AUTOS = YES_AGGRESSIVE;
				GCC_WARN_UNUSED_FUNCTION = YES;
				GCC_WARN_UNUSED_VARIABLE = YES;
				IPHONEOS_DEPLOYMENT_TARGET = 16.4;
				MTL_ENABLE_DEBUG_INFO = NO;
				MTL_FAST_MATH = YES;
				SDKROOT = iphoneos;
				SWIFT_COMPILATION_MODE = wholemodule;
				SWIFT_OPTIMIZATION_LEVEL = "-O";
				VALIDATE_PRODUCT = YES;
			};
			name = Release;
		};
		F0D407F129F406A900DC4D82 /* Debug */ = {
			isa = XCBuildConfiguration;
			baseConfigurationReference = 29426FB05E56E52942784AC7 /* Pods-CalorieTrackr.debug.xcconfig */;
			buildSettings = {
				ASSETCATALOG_COMPILER_APPICON_NAME = AppIcon;
				ASSETCATALOG_COMPILER_GLOBAL_ACCENT_COLOR_NAME = AccentColor;
				CODE_SIGN_ENTITLEMENTS = CalorieTrackr/CalorieTrackr.entitlements;
				CODE_SIGN_STYLE = Automatic;
				CURRENT_PROJECT_VERSION = 1;
				DEVELOPMENT_TEAM = WR23UX8DY4;
				GENERATE_INFOPLIST_FILE = YES;
				INFOPLIST_FILE = CalorieTrackr/Info.plist;
				INFOPLIST_KEY_UIApplicationSupportsIndirectInputEvents = YES;
				INFOPLIST_KEY_UILaunchStoryboardName = LaunchScreen;
				INFOPLIST_KEY_UIMainStoryboardFile = Main;
				INFOPLIST_KEY_UISupportedInterfaceOrientations_iPad = "UIInterfaceOrientationPortrait UIInterfaceOrientationPortraitUpsideDown UIInterfaceOrientationLandscapeLeft UIInterfaceOrientationLandscapeRight";
				INFOPLIST_KEY_UISupportedInterfaceOrientations_iPhone = "UIInterfaceOrientationPortrait UIInterfaceOrientationLandscapeLeft UIInterfaceOrientationLandscapeRight";
				LD_RUNPATH_SEARCH_PATHS = (
					"$(inherited)",
					"@executable_path/Frameworks",
				);
				MARKETING_VERSION = 1.0;
				PRODUCT_BUNDLE_IDENTIFIER = com.balu10.CalorieTrackr;
				PRODUCT_NAME = "$(TARGET_NAME)";
				SWIFT_EMIT_LOC_STRINGS = YES;
				SWIFT_VERSION = 5.0;
				TARGETED_DEVICE_FAMILY = "1,2";
			};
			name = Debug;
		};
		F0D407F229F406A900DC4D82 /* Release */ = {
			isa = XCBuildConfiguration;
			baseConfigurationReference = 3AC08F3B86D4A1A522EBCF87 /* Pods-CalorieTrackr.release.xcconfig */;
			buildSettings = {
				ASSETCATALOG_COMPILER_APPICON_NAME = AppIcon;
				ASSETCATALOG_COMPILER_GLOBAL_ACCENT_COLOR_NAME = AccentColor;
				CODE_SIGN_ENTITLEMENTS = CalorieTrackr/CalorieTrackr.entitlements;
				CODE_SIGN_STYLE = Automatic;
				CURRENT_PROJECT_VERSION = 1;
				DEVELOPMENT_TEAM = WR23UX8DY4;
				GENERATE_INFOPLIST_FILE = YES;
				INFOPLIST_FILE = CalorieTrackr/Info.plist;
				INFOPLIST_KEY_UIApplicationSupportsIndirectInputEvents = YES;
				INFOPLIST_KEY_UILaunchStoryboardName = LaunchScreen;
				INFOPLIST_KEY_UIMainStoryboardFile = Main;
				INFOPLIST_KEY_UISupportedInterfaceOrientations_iPad = "UIInterfaceOrientationPortrait UIInterfaceOrientationPortraitUpsideDown UIInterfaceOrientationLandscapeLeft UIInterfaceOrientationLandscapeRight";
				INFOPLIST_KEY_UISupportedInterfaceOrientations_iPhone = "UIInterfaceOrientationPortrait UIInterfaceOrientationLandscapeLeft UIInterfaceOrientationLandscapeRight";
				LD_RUNPATH_SEARCH_PATHS = (
					"$(inherited)",
					"@executable_path/Frameworks",
				);
				MARKETING_VERSION = 1.0;
				PRODUCT_BUNDLE_IDENTIFIER = com.balu10.CalorieTrackr;
				PRODUCT_NAME = "$(TARGET_NAME)";
				SWIFT_EMIT_LOC_STRINGS = YES;
				SWIFT_VERSION = 5.0;
				TARGETED_DEVICE_FAMILY = "1,2";
			};
			name = Release;
		};
/* End XCBuildConfiguration section */

/* Begin XCConfigurationList section */
		F0D407D729F406A700DC4D82 /* Build configuration list for PBXProject "CalorieTrackr" */ = {
			isa = XCConfigurationList;
			buildConfigurations = (
				F0D407EE29F406A900DC4D82 /* Debug */,
				F0D407EF29F406A900DC4D82 /* Release */,
			);
			defaultConfigurationIsVisible = 0;
			defaultConfigurationName = Release;
		};
		F0D407F029F406A900DC4D82 /* Build configuration list for PBXNativeTarget "CalorieTrackr" */ = {
			isa = XCConfigurationList;
			buildConfigurations = (
				F0D407F129F406A900DC4D82 /* Debug */,
				F0D407F229F406A900DC4D82 /* Release */,
			);
			defaultConfigurationIsVisible = 0;
			defaultConfigurationName = Release;
		};
/* End XCConfigurationList section */
	};
	rootObject = F0D407D429F406A700DC4D82 /* Project object */;
}
